
Microsoft Visual Studio Solution File, Format Version 12.00
# Visual Studio Version 16
VisualStudioVersion = 16.0.30225.117
MinimumVisualStudioVersion = 10.0.40219.1
Project("{FAE04EC0-301F-11D3-BF4B-00C04F79EFBC}") = "DataStructures", "DataStructures.csproj", "{8938D58F-C7AE-4218-86EC-1B458971A3A1}"
EndProject
Global
	GlobalSection(SolutionConfigurationPlatforms) = preSolution
		Debug|Any CPU = Debug|Any CPU
		Release|Any CPU = Release|Any CPU
	EndGlobalSection
	GlobalSection(ProjectConfigurationPlatforms) = postSolution
		{8938D58F-C7AE-4218-86EC-1B458971A3A1}.Debug|Any CPU.ActiveCfg = Debug|Any CPU
		{8938D58F-C7AE-4218-86EC-1B458971A3A1}.Debug|Any CPU.Build.0 = Debug|Any CPU
		{8938D58F-C7AE-4218-86EC-1B458971A3A1}.Release|Any CPU.ActiveCfg = Release|Any CPU
		{8938D58F-C7AE-4218-86EC-1B458971A3A1}.Release|Any CPU.Build.0 = Release|Any CPU
	EndGlobalSection
	GlobalSection(SolutionProperties) = preSolution
		HideSolutionNode = FALSE
	EndGlobalSection
	GlobalSection(ExtensibilityGlobals) = postSolution
		SolutionGuid = {1921EC83-AE91-4965-8831-F51B79523B8A}
	EndGlobalSection
EndGlobal
